<Solution>
  <Folder Name="/src/">
    <Project Path="src/CorePortfolio.API/CorePortfolio.API.csproj" />
    <Project Path="src/CorePortfolio.Coingecko/CorePortfolio.Coingecko.csproj" />
    <Project Path="src/CorePortfolio.DNSE/CorePortfolio.DNSE.csproj" />
    <Project Path="src/CorePortfolio.Domain/CorePortfolio.Domain.csproj" />
    <Project Path="src/CorePortfolio.Infrastructure/CorePortfolio.Infrastructure.csproj" />
    <Project Path="src/CorePortfolio.Telegram/CorePortfolio.Telegram.csproj" />
  </Folder>
</Solution>
